github.com/wghglory/baby-naming v1.0.4 h1:UcDn7SSbmRfE0QyXUzZdKwFFAw08KXtVMB38BpV731c=
github.com/wghglory/baby-naming v1.0.4/go.mod h1:ShQsgpLJzZVrHbHX1zzH+dKzjFs4quak7Nhez4zGPQs=
github.com/wghglory/baby-naming/v2 v2.0.1 h1:aKheL8FgMRpJi/5Cwdn+CBZfG7/0GfYrliP55T2mRww=
github.com/wghglory/baby-naming/v2 v2.0.1/go.mod h1:INhkzFH0qnSOlcJDNX2u6nPsdWsXuCFgoc36Xj2JF9c=
github.com/wghglory/baby-naming/v3 v3.0.0 h1:Oi1wmLWf1iCPT9y+yCUOLv2cCzs4/E7wB6sp5CRHMQ4=
github.com/wghglory/baby-naming/v3 v3.0.0/go.mod h1:ECTsMgNv17ObTOW1yIhAMFjINGJnPnVwwjgdjzGWUWo=
